// !$*UTF8*$!
{
	archiveVersion = 1;
	classes = {
	};
	objectVersion = 46;
	objects = {

/* Begin PBXBuildFile section */
		788B8E791C0F74FD00620B08 /* Meme.swift in Sources */ = {isa = PBXBuildFile; fileRef = 788B8E781C0F74FD00620B08 /* Meme.swift */; };
		78979E1F1C0D18E900AB529C /* AppDelegate.swift in Sources */ = {isa = PBXBuildFile; fileRef = 78979E1E1C0D18E900AB529C /* AppDelegate.swift */; };
		78979E211C0D18E900AB529C /* ViewController.swift in Sources */ = {isa = PBXBuildFile; fileRef = 78979E201C0D18E900AB529C /* ViewController.swift */; };
		78979E241C0D18E900AB529C /* Main.storyboard in Resources */ = {isa = PBXBuildFile; fileRef = 78979E221C0D18E900AB529C /* Main.storyboard */; };
		78979E261C0D18E900AB529C /* Assets.xcassets in Resources */ = {isa = PBXBuildFile; fileRef = 78979E251C0D18E900AB529C /* Assets.xcassets */; };
		78979E291C0D18E900AB529C /* LaunchScreen.storyboard in Resources */ = {isa = PBXBuildFile; fileRef = 78979E271C0D18E900AB529C /* LaunchScreen.storyboard */; };
		78979E321C0D251900AB529C /* TextFieldDelegate.swift in Sources */ = {isa = PBXBuildFile; fileRef = 78979E311C0D251900AB529C /* TextFieldDelegate.swift */; };
/* End PBXBuildFile section */

/* Begin PBXFileReference section */
		788B8E781C0F74FD00620B08 /* Meme.swift */ = {isa = PBXFileReference; fileEncoding = 4; lastKnownFileType = sourcecode.swift; path = Meme.swift; sourceTree = "<group>"; };
		78979E1B1C0D18E900AB529C /* MemeMe.app */ = {isa = PBXFileReference; explicitFileType = wrapper.application; includeInIndex = 0; path = MemeMe.app; sourceTree = BUILT_PRODUCTS_DIR; };
		78979E1E1C0D18E900AB529C /* AppDelegate.swift */ = {isa = PBXFileReference; lastKnownFileType = sourcecode.swift; path = AppDelegate.swift; sourceTree = "<group>"; };
		78979E201C0D18E900AB529C /* ViewController.swift */ = {isa = PBXFileReference; lastKnownFileType = sourcecode.swift; path = ViewController.swift; sourceTree = "<group>"; };
		78979E231C0D18E900AB529C /* Base */ = {isa = PBXFileReference; lastKnownFileType = file.storyboard; name = Base; path = Base.lproj/Main.storyboard; sourceTree = "<group>"; };
		78979E251C0D18E900AB529C /* Assets.xcassets */ = {isa = PBXFileReference; lastKnownFileType = folder.assetcatalog; path = Assets.xcassets; sourceTree = "<group>"; };
		78979E281C0D18E900AB529C /* Base */ = {isa = PBXFileReference; lastKnownFileType = file.storyboard; name = Base; path = Base.lproj/LaunchScreen.storyboard; sourceTree = "<group>"; };
		78979E2A1C0D18E900AB529C /* Info.plist */ = {isa = PBXFileReference; lastKnownFileType = text.plist.xml; path = Info.plist; sourceTree = "<group>"; };
		78979E311C0D251900AB529C /* TextFieldDelegate.swift */ = {isa = PBXFileReference; fileEncoding = 4; lastKnownFileType = sourcecode.swift; path = TextFieldDelegate.swift; sourceTree = "<group>"; };
/* End PBXFileReference section */

/* Begin PBXFrameworksBuildPhase section */
		78979E181C0D18E900AB529C /* Frameworks */ = {
			isa = PBXFrameworksBuildPhase;
			buildActionMask = 2147483647;
			files = (
			);
			runOnlyForDeploymentPostprocessing = 0;
		};
/* End PBXFrameworksBuildPhase section */

/* Begin PBXGroup section */
		78979E121C0D18E900AB529C = {
			isa = PBXGroup;
			children = (
				78979E1D1C0D18E900AB529C /* MemeMe */,
				78979E1C1C0D18E900AB529C /* Products */,
			);
			sourceTree = "<group>";
		};
		78979E1C1C0D18E900AB529C /* Products */ = {
			isa = PBXGroup;
			children = (
				78979E1B1C0D18E900AB529C /* MemeMe.app */,
			);
			name = Products;
			sourceTree = "<group>";
		};
		78979E1D1C0D18E900AB529C /* MemeMe */ = {
			isa = PBXGroup;
			children = (
				78979E301C0D250500AB529C /* Delegates */,
				78979E1E1C0D18E900AB529C /* AppDelegate.swift */,
				78979E201C0D18E900AB529C /* ViewController.swift */,
				78979E221C0D18E900AB529C /* Main.storyboard */,
				78979E251C0D18E900AB529C /* Assets.xcassets */,
				78979E271C0D18E900AB529C /* LaunchScreen.storyboard */,
				78979E2A1C0D18E900AB529C /* Info.plist */,
				788B8E781C0F74FD00620B08 /* Meme.swift */,
			);
			path = MemeMe;
			sourceTree = "<group>";
		};
		78979E301C0D250500AB529C /* Delegates */ = {
			isa = PBXGroup;
			children = (
				78979E311C0D251900AB529C /* TextFieldDelegate.swift */,
			);
			name = Delegates;
			sourceTree = "<group>";
		};
/* End PBXGroup section */

/* Begin PBXNativeTarget section */
		78979E1A1C0D18E900AB529C /* MemeMe */ = {
			isa = PBXNativeTarget;
			buildConfigurationList = 78979E2D1C0D18E900AB529C /* Build configuration list for PBXNativeTarget "MemeMe" */;
			buildPhases = (
				78979E171C0D18E900AB529C /* Sources */,
				78979E181C0D18E900AB529C /* Frameworks */,
				78979E191C0D18E900AB529C /* Resources */,
			);
			buildRules = (
			);
			dependencies = (
			);
			name = MemeMe;
			productName = MemeMe;
			productReference = 78979E1B1C0D18E900AB529C /* MemeMe.app */;
			productType = "com.apple.product-type.application";
		};
/* End PBXNativeTarget section */

/* Begin PBXProject section */
		78979E131C0D18E900AB529C /* Project object */ = {
			isa = PBXProject;
			attributes = {
				LastSwiftUpdateCheck = 0710;
				LastUpgradeCheck = 0820;
				ORGANIZATIONNAME = "Scott Knutti";
				TargetAttributes = {
					78979E1A1C0D18E900AB529C = {
						CreatedOnToolsVersion = 7.1.1;
						DevelopmentTeam = Y95VH73A2X;
						LastSwiftMigration = 0820;
					};
				};
			};
			buildConfigurationList = 78979E161C0D18E900AB529C /* Build configuration list for PBXProject "MemeMe" */;
			compatibilityVersion = "Xcode 3.2";
			developmentRegion = English;
			hasScannedForEncodings = 0;
			knownRegions = (
				en,
				Base,
			);
			mainGroup = 78979E121C0D18E900AB529C;
			productRefGroup = 78979E1C1C0D18E900AB529C /* Products */;
			projectDirPath = "";
			projectRoot = "";
			targets = (
				78979E1A1C0D18E900AB529C /* MemeMe */,
			);
		};
/* End PBXProject section */

/* Begin PBXResourcesBuildPhase section */
		78979E191C0D18E900AB529C /* Resources */ = {
			isa = PBXResourcesBuildPhase;
			buildActionMask = 2147483647;
			files = (
				78979E291C0D18E900AB529C /* LaunchScreen.storyboard in Resources */,
				78979E261C0D18E900AB529C /* Assets.xcassets in Resources */,
				78979E241C0D18E900AB529C /* Main.storyboard in Resources */,
			);
			runOnlyForDeploymentPostprocessing = 0;
		};
/* End PBXResourcesBuildPhase section */

/* Begin PBXSourcesBuildPhase section */
		78979E171C0D18E900AB529C /* Sources */ = {
			isa = PBXSourcesBuildPhase;
			buildActionMask = 2147483647;
			files = (
				78979E211C0D18E900AB529C /* ViewController.swift in Sources */,
				788B8E791C0F74FD00620B08 /* Meme.swift in Sources */,
				78979E1F1C0D18E900AB529C /* AppDelegate.swift in Sources */,
				78979E321C0D251900AB529C /* TextFieldDelegate.swift in Sources */,
			);
			runOnlyForDeploymentPostprocessing = 0;
		};
/* End PBXSourcesBuildPhase section */

/* Begin PBXVariantGroup section */
		78979E221C0D18E900AB529C /* Main.storyboard */ = {
			isa = PBXVariantGroup;
			children = (
				78979E231C0D18E900AB529C /* Base */,
			);
			name = Main.storyboard;
			sourceTree = "<group>";
		};
		78979E271C0D18E900AB529C /* LaunchScreen.storyboard */ = {
			isa = PBXVariantGroup;
			children = (
				78979E281C0D18E900AB529C /* Base */,
			);
			name = LaunchScreen.storyboard;
			sourceTree = "<group>";
		};
/* End PBXVariantGroup section */

/* Begin XCBuildConfiguration section */
		78979E2B1C0D18E900AB529C /* Debug */ = {
			isa = XCBuildConfiguration;
			buildSettings = {
				ALWAYS_SEARCH_USER_PATHS = NO;
				CLANG_CXX_LANGUAGE_STANDARD = "gnu++0x";
				CLANG_CXX_LIBRARY = "libc++";
				CLANG_ENABLE_MODULES = YES;
				CLANG_ENABLE_OBJC_ARC = YES;
				CLANG_WARN_BOOL_CONVERSION = YES;
				CLANG_WARN_CONSTANT_CONVERSION = YES;
				CLANG_WARN_DIRECT_OBJC_ISA_USAGE = YES_ERROR;
				CLANG_WARN_EMPTY_BODY = YES;
				CLANG_WARN_ENUM_CONVERSION = YES;
				CLANG_WARN_INFINITE_RECURSION = YES;
				CLANG_WARN_INT_CONVERSION = YES;
				CLANG_WARN_OBJC_ROOT_CLASS = YES_ERROR;
				CLANG_WARN_SUSPICIOUS_MOVE = YES;
				CLANG_WARN_UNREACHABLE_CODE = YES;
				CLANG_WARN__DUPLICATE_METHOD_MATCH = YES;
				"CODE_SIGN_IDENTITY[sdk=iphoneos*]" = "iPhone Developer";
				COPY_PHASE_STRIP = NO;
				DEBUG_INFORMATION_FORMAT = dwarf;
				ENABLE_STRICT_OBJC_MSGSEND = YES;
				ENABLE_TESTABILITY = YES;
				GCC_C_LANGUAGE_STANDARD = gnu99;
				GCC_DYNAMIC_NO_PIC = NO;
				GCC_NO_COMMON_BLOCKS = YES;
				GCC_OPTIMIZATION_LEVEL = 0;
				GCC_PREPROCESSOR_DEFINITIONS = (
					"DEBUG=1",
					"$(inherited)",
				);
				GCC_WARN_64_TO_32_BIT_CONVERSION = YES;
				GCC_WARN_ABOUT_RETURN_TYPE = YES_ERROR;
				GCC_WARN_UNDECLARED_SELECTOR = YES;
				GCC_WARN_UNINITIALIZED_AUTOS = YES_AGGRESSIVE;
				GCC_WARN_UNUSED_FUNCTION = YES;
				GCC_WARN_UNUSED_VARIABLE = YES;
				IPHONEOS_DEPLOYMENT_TARGET = 10.2;
				MTL_ENABLE_DEBUG_INFO = YES;
				ONLY_ACTIVE_ARCH = YES;
				SDKROOT = iphoneos;
				SWIFT_OPTIMIZATION_LEVEL = "-Onone";
				TARGETED_DEVICE_FAMILY = "1,2";
			};
			name = Debug;
		};
		78979E2C1C0D18E900AB529C /* Release */ = {
			isa = XCBuildConfiguration;
			buildSettings = {
				ALWAYS_SEARCH_USER_PATHS = NO;
				CLANG_CXX_LANGUAGE_STANDARD = "gnu++0x";
				CLANG_CXX_LIBRARY = "libc++";
				CLANG_ENABLE_MODULES = YES;
				CLANG_ENABLE_OBJC_ARC = YES;
				CLANG_WARN_BOOL_CONVERSION = YES;
				CLANG_WARN_CONSTANT_CONVERSION = YES;
				CLANG_WARN_DIRECT_OBJC_ISA_USAGE = YES_ERROR;
				CLANG_WARN_EMPTY_BODY = YES;
				CLANG_WARN_ENUM_CONVERSION = YES;
				CLANG_WARN_INFINITE_RECURSION = YES;
				CLANG_WARN_INT_CONVERSION = YES;
				CLANG_WARN_OBJC_ROOT_CLASS = YES_ERROR;
				CLANG_WARN_SUSPICIOUS_MOVE = YES;
				CLANG_WARN_UNREACHABLE_CODE = YES;
				CLANG_WARN__DUPLICATE_METHOD_MATCH = YES;
				"CODE_SIGN_IDENTITY[sdk=iphoneos*]" = "iPhone Developer";
				COPY_PHASE_STRIP = NO;
				DEBUG_INFORMATION_FORMAT = "dwarf-with-dsym";
				ENABLE_NS_ASSERTIONS = NO;
				ENABLE_STRICT_OBJC_MSGSEND = YES;
				GCC_C_LANGUAGE_STANDARD = gnu99;
				GCC_NO_COMMON_BLOCKS = YES;
				GCC_WARN_64_TO_32_BIT_CONVERSION = YES;
				GCC_WARN_ABOUT_RETURN_TYPE = YES_ERROR;
				GCC_WARN_UNDECLARED_SELECTOR = YES;
				GCC_WARN_UNINITIALIZED_AUTOS = YES_AGGRESSIVE;
				GCC_WARN_UNUSED_FUNCTION = YES;
				GCC_WARN_UNUSED_VARIABLE = YES;
				IPHONEOS_DEPLOYMENT_TARGET = 10.2;
				MTL_ENABLE_DEBUG_INFO = NO;
				SDKROOT = iphoneos;
				SWIFT_OPTIMIZATION_LEVEL = "-Owholemodule";
				TARGETED_DEVICE_FAMILY = "1,2";
				VALIDATE_PRODUCT = YES;
			};
			name = Release;
		};
		78979E2E1C0D18E900AB529C /* Debug */ = {
			isa = XCBuildConfiguration;
			buildSettings = {
				ASSETCATALOG_COMPILER_APPICON_NAME = AppIcon;
				INFOPLIST_FILE = MemeMe/Info.plist;
				LD_RUNPATH_SEARCH_PATHS = "$(inherited) @executable_path/Frameworks";
				PRODUCT_BUNDLE_IDENTIFIER = com.canoeteelabs.MemeMe;
				PRODUCT_NAME = "$(TARGET_NAME)";
				SWIFT_VERSION = 3.0;
			};
			name = Debug;
		};
		78979E2F1C0D18E900AB529C /* Release */ = {
			isa = XCBuildConfiguration;
			buildSettings = {
				ASSETCATALOG_COMPILER_APPICON_NAME = AppIcon;
				INFOPLIST_FILE = MemeMe/Info.plist;
				LD_RUNPATH_SEARCH_PATHS = "$(inherited) @executable_path/Frameworks";
				PRODUCT_BUNDLE_IDENTIFIER = com.canoeteelabs.MemeMe;
				PRODUCT_NAME = "$(TARGET_NAME)";
				SWIFT_VERSION = 3.0;
			};
			name = Release;
		};
/* End XCBuildConfiguration section */

/* Begin XCConfigurationList section */
		78979E161C0D18E900AB529C /* Build configuration list for PBXProject "MemeMe" */ = {
			isa = XCConfigurationList;
			buildConfigurations = (
				78979E2B1C0D18E900AB529C /* Debug */,
				78979E2C1C0D18E900AB529C /* Release */,
			);
			defaultConfigurationIsVisible = 0;
			defaultConfigurationName = Release;
		};
		78979E2D1C0D18E900AB529C /* Build configuration list for PBXNativeTarget "MemeMe" */ = {
			isa = XCConfigurationList;
			buildConfigurations = (
				78979E2E1C0D18E900AB529C /* Debug */,
				78979E2F1C0D18E900AB529C /* Release */,
			);
			defaultConfigurationIsVisible = 0;
			defaultConfigurationName = Release;
		};
/* End XCConfigurationList section */
	};
	rootObject = 78979E131C0D18E900AB529C /* Project object */;
}
